Microsoft Visual Studio Solution File, Format Version 12.00
# Visual Studio Version 17
VisualStudioVersion = 17.5.2.0
MinimumVisualStudioVersion = 10.0.40219.1
Project("{FAE04EC0-301F-11D3-BF4B-00C04F79EFBC}") = "TicketPrime.API", "TicketPrime.API.csproj", "{6EEA8D56-379A-2CA9-F491-60BB6AA238CA}"
EndProject
Global
	GlobalSection(SolutionConfigurationPlatforms) = preSolution
		Debug|Any CPU = Debug|Any CPU
		Release|Any CPU = Release|Any CPU
	EndGlobalSection
	GlobalSection(ProjectConfigurationPlatforms) = postSolution
		{6EEA8D56-379A-2CA9-F491-60BB6AA238CA}.Debug|Any CPU.ActiveCfg = Debug|Any CPU
		{6EEA8D56-379A-2CA9-F491-60BB6AA238CA}.Debug|Any CPU.Build.0 = Debug|Any CPU
		{6EEA8D56-379A-2CA9-F491-60BB6AA238CA}.Release|Any CPU.ActiveCfg = Release|Any CPU
		{6EEA8D56-379A-2CA9-F491-60BB6AA238CA}.Release|Any CPU.Build.0 = Release|Any CPU
	EndGlobalSection
	GlobalSection(SolutionProperties) = preSolution
		HideSolutionNode = FALSE
	EndGlobalSection
	GlobalSection(ExtensibilityGlobals) = postSolution
		SolutionGuid = {019966EE-1F12-47BE-99DB-AA54E201D1B3}
	EndGlobalSection
EndGlobal
